
Microsoft Visual Studio Solution File, Format Version 12.00
# Visual Studio Version 17
VisualStudioVersion = 17.11.35312.102
MinimumVisualStudioVersion = 10.0.40219.1
Project("{FAE04EC0-301F-11D3-BF4B-00C04F79EFBC}") = "Wpf_DualCam_SpDriving", "Wpf_DualCam_SpDriving\Wpf_DualCam_SpDriving.csproj", "{88DC4205-08EA-425E-9D0E-44D5836F8B00}"
EndProject
Global
	GlobalSection(SolutionConfigurationPlatforms) = preSolution
		Debug|Any CPU = Debug|Any CPU
		Debug|x64 = Debug|x64
		Release|Any CPU = Release|Any CPU
		Release|x64 = Release|x64
	EndGlobalSection
	GlobalSection(ProjectConfigurationPlatforms) = postSolution
		{88DC4205-08EA-425E-9D0E-44D5836F8B00}.Debug|Any CPU.ActiveCfg = Debug|Any CPU
		{88DC4205-08EA-425E-9D0E-44D5836F8B00}.Debug|Any CPU.Build.0 = Debug|Any CPU
		{88DC4205-08EA-425E-9D0E-44D5836F8B00}.Debug|x64.ActiveCfg = Debug|x64
		{88DC4205-08EA-425E-9D0E-44D5836F8B00}.Debug|x64.Build.0 = Debug|x64
		{88DC4205-08EA-425E-9D0E-44D5836F8B00}.Release|Any CPU.ActiveCfg = Release|Any CPU
		{88DC4205-08EA-425E-9D0E-44D5836F8B00}.Release|Any CPU.Build.0 = Release|Any CPU
		{88DC4205-08EA-425E-9D0E-44D5836F8B00}.Release|x64.ActiveCfg = Release|x64
		{88DC4205-08EA-425E-9D0E-44D5836F8B00}.Release|x64.Build.0 = Release|x64
	EndGlobalSection
	GlobalSection(SolutionProperties) = preSolution
		HideSolutionNode = FALSE
	EndGlobalSection
	GlobalSection(ExtensibilityGlobals) = postSolution
		SolutionGuid = {E49C3E4D-16FF-4BBA-8F64-0F88E432D4F4}
	EndGlobalSection
EndGlobal
